
Microsoft Visual Studio Solution File, Format Version 12.00
# Visual Studio Version 16
VisualStudioVersion = 16.0.29613.14
MinimumVisualStudioVersion = 10.0.40219.1
Project("{FAE04EC0-301F-11D3-BF4B-00C04F79EFBC}") = "EersteTest", "EersteTest\EersteTest.csproj", "{BA842A2E-D5FB-4312-985F-AC754B7BDADC}"
EndProject
Global
	GlobalSection(SolutionConfigurationPlatforms) = preSolution
		Debug|Any CPU = Debug|Any CPU
		Release|Any CPU = Release|Any CPU
	EndGlobalSection
	GlobalSection(ProjectConfigurationPlatforms) = postSolution
		{BA842A2E-D5FB-4312-985F-AC754B7BDADC}.Debug|Any CPU.ActiveCfg = Debug|Any CPU
		{BA842A2E-D5FB-4312-985F-AC754B7BDADC}.Debug|Any CPU.Build.0 = Debug|Any CPU
		{BA842A2E-D5FB-4312-985F-AC754B7BDADC}.Release|Any CPU.ActiveCfg = Release|Any CPU
		{BA842A2E-D5FB-4312-985F-AC754B7BDADC}.Release|Any CPU.Build.0 = Release|Any CPU
	EndGlobalSection
	GlobalSection(SolutionProperties) = preSolution
		HideSolutionNode = FALSE
	EndGlobalSection
	GlobalSection(ExtensibilityGlobals) = postSolution
		SolutionGuid = {5BEC3D88-8BBF-4904-A988-BD7D1CBA2A0D}
	EndGlobalSection
EndGlobal
